
Microsoft Visual Studio Solution File, Format Version 12.00
# Visual Studio Version 16
VisualStudioVersion = 16.0.29424.173
MinimumVisualStudioVersion = 10.0.40219.1
Project("{9A19103F-16F7-4668-BE54-9A1E7A4F7556}") = "RaceAnnouncer.Bot", "RaceAnnouncer.Bot\RaceAnnouncer.Bot.csproj", "{513BB09C-70AF-4932-8668-A6A06439C720}"
EndProject
Project("{2150E333-8FDC-42A3-9474-1A3956D46DE8}") = "Solution Items", "Solution Items", "{F3F03D8E-BBA3-4AEF-81F2-C03982003919}"
	ProjectSection(SolutionItems) = preProject
		.editorconfig = .editorconfig
		.env = .env
		.env.example = .env.example
		.gitattributes = .gitattributes
		.gitignore = .gitignore
		compose.ps1 = compose.ps1
		create_migration.ps1 = create_migration.ps1
		docker-compose.yml = docker-compose.yml
		preview.png = preview.png
		README.md = README.md
		run_tests.ps1 = run_tests.ps1
		setup_database.ps1 = setup_database.ps1
	EndProjectSection
EndProject
Project("{9A19103F-16F7-4668-BE54-9A1E7A4F7556}") = "RaceAnnouncer.Schema", "RaceAnnouncer.Schema\RaceAnnouncer.Schema.csproj", "{430EBBA4-5A63-4BDD-AEA2-268ED4BBE2A7}"
EndProject
Project("{9A19103F-16F7-4668-BE54-9A1E7A4F7556}") = "RaceAnnouncer.Tests", "RaceAnnouncer.Tests\RaceAnnouncer.Tests.csproj", "{1B618537-3D66-4E57-A5FD-D1D3C40E26A8}"
EndProject
Project("{9A19103F-16F7-4668-BE54-9A1E7A4F7556}") = "RaceAnnouncer.WebAPI", "RaceAnnouncer.WebAPI\RaceAnnouncer.WebAPI.csproj", "{EE1D212D-6DAC-4F8D-8E8A-2ABCCFA61D74}"
EndProject
Project("{9A19103F-16F7-4668-BE54-9A1E7A4F7556}") = "RaceAnnouncer.Common", "RaceAnnouncer.Common\RaceAnnouncer.Common.csproj", "{49884905-1600-44A1-BBA5-E3B8A7D10998}"
EndProject
Global
	GlobalSection(SolutionConfigurationPlatforms) = preSolution
		Debug|Any CPU = Debug|Any CPU
		Release|Any CPU = Release|Any CPU
	EndGlobalSection
	GlobalSection(ProjectConfigurationPlatforms) = postSolution
		{513BB09C-70AF-4932-8668-A6A06439C720}.Debug|Any CPU.ActiveCfg = Debug|Any CPU
		{513BB09C-70AF-4932-8668-A6A06439C720}.Debug|Any CPU.Build.0 = Debug|Any CPU
		{513BB09C-70AF-4932-8668-A6A06439C720}.Release|Any CPU.ActiveCfg = Release|Any CPU
		{513BB09C-70AF-4932-8668-A6A06439C720}.Release|Any CPU.Build.0 = Release|Any CPU
		{430EBBA4-5A63-4BDD-AEA2-268ED4BBE2A7}.Debug|Any CPU.ActiveCfg = Debug|Any CPU
		{430EBBA4-5A63-4BDD-AEA2-268ED4BBE2A7}.Debug|Any CPU.Build.0 = Debug|Any CPU
		{430EBBA4-5A63-4BDD-AEA2-268ED4BBE2A7}.Release|Any CPU.ActiveCfg = Release|Any CPU
		{430EBBA4-5A63-4BDD-AEA2-268ED4BBE2A7}.Release|Any CPU.Build.0 = Release|Any CPU
		{1B618537-3D66-4E57-A5FD-D1D3C40E26A8}.Debug|Any CPU.ActiveCfg = Debug|Any CPU
		{1B618537-3D66-4E57-A5FD-D1D3C40E26A8}.Debug|Any CPU.Build.0 = Debug|Any CPU
		{1B618537-3D66-4E57-A5FD-D1D3C40E26A8}.Release|Any CPU.ActiveCfg = Release|Any CPU
		{1B618537-3D66-4E57-A5FD-D1D3C40E26A8}.Release|Any CPU.Build.0 = Release|Any CPU
		{EE1D212D-6DAC-4F8D-8E8A-2ABCCFA61D74}.Debug|Any CPU.ActiveCfg = Debug|Any CPU
		{EE1D212D-6DAC-4F8D-8E8A-2ABCCFA61D74}.Debug|Any CPU.Build.0 = Debug|Any CPU
		{EE1D212D-6DAC-4F8D-8E8A-2ABCCFA61D74}.Release|Any CPU.ActiveCfg = Release|Any CPU
		{EE1D212D-6DAC-4F8D-8E8A-2ABCCFA61D74}.Release|Any CPU.Build.0 = Release|Any CPU
		{49884905-1600-44A1-BBA5-E3B8A7D10998}.Debug|Any CPU.ActiveCfg = Debug|Any CPU
		{49884905-1600-44A1-BBA5-E3B8A7D10998}.Debug|Any CPU.Build.0 = Debug|Any CPU
		{49884905-1600-44A1-BBA5-E3B8A7D10998}.Release|Any CPU.ActiveCfg = Release|Any CPU
		{49884905-1600-44A1-BBA5-E3B8A7D10998}.Release|Any CPU.Build.0 = Release|Any CPU
	EndGlobalSection
	GlobalSection(SolutionProperties) = preSolution
		HideSolutionNode = FALSE
	EndGlobalSection
	GlobalSection(ExtensibilityGlobals) = postSolution
		SolutionGuid = {5E2B7850-CF5A-4990-A355-1488609E7DCA}
	EndGlobalSection
EndGlobal
